
Microsoft Visual Studio Solution File, Format Version 12.00
Project("{FAE04EC0-301F-11D3-BF4B-00C04F79EFBC}") = "Mission5", "Mission5\Mission5.csproj", "{674DDB19-2E63-4E07-9550-51C89788531F}"
EndProject
Global
	GlobalSection(SolutionConfigurationPlatforms) = preSolution
		Debug|Any CPU = Debug|Any CPU
		Release|Any CPU = Release|Any CPU
	EndGlobalSection
	GlobalSection(ProjectConfigurationPlatforms) = postSolution
		{674DDB19-2E63-4E07-9550-51C89788531F}.Debug|Any CPU.ActiveCfg = Debug|Any CPU
		{674DDB19-2E63-4E07-9550-51C89788531F}.Debug|Any CPU.Build.0 = Debug|Any CPU
		{674DDB19-2E63-4E07-9550-51C89788531F}.Release|Any CPU.ActiveCfg = Release|Any CPU
		{674DDB19-2E63-4E07-9550-51C89788531F}.Release|Any CPU.Build.0 = Release|Any CPU
	EndGlobalSection
EndGlobal
